
Microsoft Visual Studio Solution File, Format Version 12.00
# Visual Studio Version 17
VisualStudioVersion = 17.9.34723.18
MinimumVisualStudioVersion = 10.0.40219.1
Project("{8BC9CEB8-8B4A-11D0-8D11-00A0C91BC942}") = "拓补排序", "拓补排序.vcxproj", "{2FF40266-32C6-459E-927D-4D802BFCA1C2}"
EndProject
Global
	GlobalSection(SolutionConfigurationPlatforms) = preSolution
		Debug|x64 = Debug|x64
		Debug|x86 = Debug|x86
		Release|x64 = Release|x64
		Release|x86 = Release|x86
	EndGlobalSection
	GlobalSection(ProjectConfigurationPlatforms) = postSolution
		{2FF40266-32C6-459E-927D-4D802BFCA1C2}.Debug|x64.ActiveCfg = Debug|x64
		{2FF40266-32C6-459E-927D-4D802BFCA1C2}.Debug|x64.Build.0 = Debug|x64
		{2FF40266-32C6-459E-927D-4D802BFCA1C2}.Debug|x86.ActiveCfg = Debug|Win32
		{2FF40266-32C6-459E-927D-4D802BFCA1C2}.Debug|x86.Build.0 = Debug|Win32
		{2FF40266-32C6-459E-927D-4D802BFCA1C2}.Release|x64.ActiveCfg = Release|x64
		{2FF40266-32C6-459E-927D-4D802BFCA1C2}.Release|x64.Build.0 = Release|x64
		{2FF40266-32C6-459E-927D-4D802BFCA1C2}.Release|x86.ActiveCfg = Release|Win32
		{2FF40266-32C6-459E-927D-4D802BFCA1C2}.Release|x86.Build.0 = Release|Win32
	EndGlobalSection
	GlobalSection(SolutionProperties) = preSolution
		HideSolutionNode = FALSE
	EndGlobalSection
	GlobalSection(ExtensibilityGlobals) = postSolution
		SolutionGuid = {162E915A-E767-41E5-A0C1-39444F16C505}
	EndGlobalSection
EndGlobal
